
Microsoft Visual Studio Solution File, Format Version 12.00
# Visual Studio 15
VisualStudioVersion = 15.0.28010.2026
MinimumVisualStudioVersion = 10.0.40219.1
Project("{8BC9CEB8-8B4A-11D0-8D11-00A0C91BC942}") = "emulator", "emulator\emulator.vcxproj", "{CD9FB626-2068-4D65-97DE-4EC433F1475E}"
EndProject
Project("{8BC9CEB8-8B4A-11D0-8D11-00A0C91BC942}") = "unit_tests", "unit_tests\unit_tests.vcxproj", "{1A4F48A4-B712-4429-A9DE-3B9D65304B4E}"
EndProject
Global
	GlobalSection(SolutionConfigurationPlatforms) = preSolution
		Debug|x86 = Debug|x86
		Release|x86 = Release|x86
	EndGlobalSection
	GlobalSection(ProjectConfigurationPlatforms) = postSolution
		{CD9FB626-2068-4D65-97DE-4EC433F1475E}.Debug|x86.ActiveCfg = Debug|Win32
		{CD9FB626-2068-4D65-97DE-4EC433F1475E}.Debug|x86.Build.0 = Debug|Win32
		{CD9FB626-2068-4D65-97DE-4EC433F1475E}.Release|x86.ActiveCfg = Release|Win32
		{CD9FB626-2068-4D65-97DE-4EC433F1475E}.Release|x86.Build.0 = Release|Win32
		{1A4F48A4-B712-4429-A9DE-3B9D65304B4E}.Debug|x86.ActiveCfg = Debug|Win32
		{1A4F48A4-B712-4429-A9DE-3B9D65304B4E}.Debug|x86.Build.0 = Debug|Win32
		{1A4F48A4-B712-4429-A9DE-3B9D65304B4E}.Release|x86.ActiveCfg = Release|Win32
	EndGlobalSection
	GlobalSection(SolutionProperties) = preSolution
		HideSolutionNode = FALSE
	EndGlobalSection
	GlobalSection(ExtensibilityGlobals) = postSolution
		SolutionGuid = {8640E4C6-D1C2-4232-A39F-0902E50E84BA}
	EndGlobalSection
EndGlobal
