<?xml version="1.0" encoding="utf-8"?>
<Project ToolsVersion="4.0" xmlns="http://schemas.microsoft.com/developer/msbuild/2003">
  <ItemGroup>
    <ClCompile Include="main.c" />
    <ClCompile Include="State.c" />
    <ClCompile Include="Instructions\Arithmetic.c" />
    <ClCompile Include="Instructions\Logical.c" />
    <ClCompile Include="Instructions\List.c" />
    <ClCompile Include="Emulator\Emulator.c" />
    <ClCompile Include="Emulator\Memory.c" />
    <ClCompile Include="State_Helpers\PSW_Helpers.c" />
    <ClCompile Include="State_Helpers\Register_Helpers.c" />
    <ClCompile Include="Instructions\Data_Transfer.c" />
    <ClCompile Include="Instructions\Special.c" />
    <ClCompile Include="Instructions\Branch\Jump.c" />
    <ClCompile Include="Instructions\Branch\Return.c" />
    <ClCompile Include="Instructions\Branch\Call.c" />
  </ItemGroup>
  <ItemGroup>
    <ClInclude Include="State.h" />
    <ClInclude Include="Instructions\Instructions.h" />
    <ClInclude Include="Export.h" />
    <ClInclude Include="Emulator\Emulator.h" />
    <ClInclude Include="State_Helpers\State_Helpers.h" />
  </ItemGroup>
</Project>