<?xml version="1.0" encoding="utf-8"?>
<Project ToolsVersion="4.0" xmlns="http://schemas.microsoft.com/developer/msbuild/2003">
  <ItemGroup>
    <ClCompile Include="main.c" />
    <ClCompile Include="State.c" />
    <ClCompile Include="Instructions\Arithmetic.c" />
    <ClCompile Include="Instructions\Instructions.c" />
    <ClCompile Include="Instructions\Logical.c" />
  </ItemGroup>
  <ItemGroup>
    <ClInclude Include="State.h" />
    <ClInclude Include="Instructions\Instructions.h" />
    <ClInclude Include="Export.h" />
  </ItemGroup>
</Project>