<?xml version="1.0" encoding="utf-8"?>
<Project ToolsVersion="4.0" xmlns="http://schemas.microsoft.com/developer/msbuild/2003">
  <ItemGroup>
    <ClCompile Include="main.c" />
    <ClCompile Include="Helpers\Number_Helpers.c" />
    <ClCompile Include="CPU\CPU.c" />
    <ClCompile Include="CPU\Instructions\Branch\Call.c" />
    <ClCompile Include="CPU\Instructions\Branch\Jump.c" />
    <ClCompile Include="CPU\Instructions\Branch\Return.c" />
    <ClCompile Include="CPU\Instructions\Arithmetic.c" />
    <ClCompile Include="CPU\Instructions\Data_Transfer.c" />
    <ClCompile Include="CPU\Instructions\List.c" />
    <ClCompile Include="CPU\Instructions\Logical.c" />
    <ClCompile Include="CPU\Instructions\Special.c" />
    <ClCompile Include="CPU\Instructions\Stack.c" />
    <ClCompile Include="CPU\Helpers\Register_Helpers.c" />
    <ClCompile Include="CPU\Helpers\PSW_Helpers.c" />
    <ClCompile Include="CPU\State.c" />
    <ClCompile Include="Memory\Memory.c" />
    <ClCompile Include="Devices\Shift_Register\Shift_Register.c" />
    <ClCompile Include="Devices\Controls\Controls.c" />
    <ClCompile Include="Devices\DIP_Switch\DIP_Switch.c" />
    <ClCompile Include="IO_Handler\IO_Handler.c" />
    <ClCompile Include="IO_Handler\Input_Ports.c" />
    <ClCompile Include="IO_Handler\Output_Ports.c" />
    <ClCompile Include="Frontend\WinAPI.c" />
  </ItemGroup>
  <ItemGroup>
    <ClInclude Include="Export.h" />
    <ClInclude Include="Helpers\Number_Helpers.h" />
    <ClInclude Include="CPU\typedefs.h" />
    <ClInclude Include="CPU\External_API.h" />
    <ClInclude Include="CPU\CPU.h" />
    <ClInclude Include="CPU\Instructions\Instructions.h" />
    <ClInclude Include="CPU\Helpers\CPU_Helpers.h" />
    <ClInclude Include="CPU\State.h" />
    <ClInclude Include="Memory\External_API.h" />
    <ClInclude Include="Devices\Shift_Register\Shift_Register.h" />
    <ClInclude Include="Devices\Controls\Controls.h" />
    <ClInclude Include="Devices\DIP_Switch\DIP_Switch.h" />
    <ClInclude Include="IO_Handler\External_API.h" />
    <ClInclude Include="IO_Handler\IO_Handler.h" />
    <ClInclude Include="Frontend\WinAPI.h" />
  </ItemGroup>
</Project>